
Microsoft Visual Studio Solution File, Format Version 12.00
# Visual Studio Version 16
VisualStudioVersion = 16.0.31702.278
MinimumVisualStudioVersion = 10.0.40219.1
Project("{FAE04EC0-301F-11D3-BF4B-00C04F79EFBC}") = "Tivadar_Ana_Maria_Lab10.Android", "Tivadar_Ana-Maria_Lab10.Android\Tivadar_Ana_Maria_Lab10.Android.csproj", "{F7B2AD9F-7E8A-4774-B4FB-ACDD8EDEE767}"
EndProject
Project("{FAE04EC0-301F-11D3-BF4B-00C04F79EFBC}") = "Tivadar_Ana-Maria_Lab10.iOS", "Tivadar_Ana-Maria_Lab10.iOS\Tivadar_Ana-Maria_Lab10.iOS.csproj", "{27DCA19B-12F2-4CE6-B450-B958CD28E98A}"
EndProject
Project("{9A19103F-16F7-4668-BE54-9A1E7A4F7556}") = "Tivadar_Ana_Maria_Lab10", "Tivadar_Ana-Maria_Lab10\Tivadar_Ana_Maria_Lab10.csproj", "{9478F89A-3D72-4C51-8540-7052908E1739}"
EndProject
Global
	GlobalSection(SolutionConfigurationPlatforms) = preSolution
		Debug|Any CPU = Debug|Any CPU
		Debug|iPhone = Debug|iPhone
		Debug|iPhoneSimulator = Debug|iPhoneSimulator
		Release|Any CPU = Release|Any CPU
		Release|iPhone = Release|iPhone
		Release|iPhoneSimulator = Release|iPhoneSimulator
	EndGlobalSection
	GlobalSection(ProjectConfigurationPlatforms) = postSolution
		{F7B2AD9F-7E8A-4774-B4FB-ACDD8EDEE767}.Debug|Any CPU.ActiveCfg = Debug|Any CPU
		{F7B2AD9F-7E8A-4774-B4FB-ACDD8EDEE767}.Debug|Any CPU.Build.0 = Debug|Any CPU
		{F7B2AD9F-7E8A-4774-B4FB-ACDD8EDEE767}.Debug|Any CPU.Deploy.0 = Debug|Any CPU
		{F7B2AD9F-7E8A-4774-B4FB-ACDD8EDEE767}.Debug|iPhone.ActiveCfg = Debug|Any CPU
		{F7B2AD9F-7E8A-4774-B4FB-ACDD8EDEE767}.Debug|iPhone.Build.0 = Debug|Any CPU
		{F7B2AD9F-7E8A-4774-B4FB-ACDD8EDEE767}.Debug|iPhone.Deploy.0 = Debug|Any CPU
		{F7B2AD9F-7E8A-4774-B4FB-ACDD8EDEE767}.Debug|iPhoneSimulator.ActiveCfg = Debug|Any CPU
		{F7B2AD9F-7E8A-4774-B4FB-ACDD8EDEE767}.Debug|iPhoneSimulator.Build.0 = Debug|Any CPU
		{F7B2AD9F-7E8A-4774-B4FB-ACDD8EDEE767}.Debug|iPhoneSimulator.Deploy.0 = Debug|Any CPU
		{F7B2AD9F-7E8A-4774-B4FB-ACDD8EDEE767}.Release|Any CPU.ActiveCfg = Release|Any CPU
		{F7B2AD9F-7E8A-4774-B4FB-ACDD8EDEE767}.Release|Any CPU.Build.0 = Release|Any CPU
		{F7B2AD9F-7E8A-4774-B4FB-ACDD8EDEE767}.Release|Any CPU.Deploy.0 = Release|Any CPU
		{F7B2AD9F-7E8A-4774-B4FB-ACDD8EDEE767}.Release|iPhone.ActiveCfg = Release|Any CPU
		{F7B2AD9F-7E8A-4774-B4FB-ACDD8EDEE767}.Release|iPhone.Build.0 = Release|Any CPU
		{F7B2AD9F-7E8A-4774-B4FB-ACDD8EDEE767}.Release|iPhone.Deploy.0 = Release|Any CPU
		{F7B2AD9F-7E8A-4774-B4FB-ACDD8EDEE767}.Release|iPhoneSimulator.ActiveCfg = Release|Any CPU
		{F7B2AD9F-7E8A-4774-B4FB-ACDD8EDEE767}.Release|iPhoneSimulator.Build.0 = Release|Any CPU
		{F7B2AD9F-7E8A-4774-B4FB-ACDD8EDEE767}.Release|iPhoneSimulator.Deploy.0 = Release|Any CPU
		{27DCA19B-12F2-4CE6-B450-B958CD28E98A}.Debug|Any CPU.ActiveCfg = Debug|iPhone
		{27DCA19B-12F2-4CE6-B450-B958CD28E98A}.Debug|Any CPU.Build.0 = Debug|iPhone
		{27DCA19B-12F2-4CE6-B450-B958CD28E98A}.Debug|Any CPU.Deploy.0 = Debug|iPhone
		{27DCA19B-12F2-4CE6-B450-B958CD28E98A}.Debug|iPhone.ActiveCfg = Debug|iPhone
		{27DCA19B-12F2-4CE6-B450-B958CD28E98A}.Debug|iPhone.Build.0 = Debug|iPhone
		{27DCA19B-12F2-4CE6-B450-B958CD28E98A}.Debug|iPhone.Deploy.0 = Debug|iPhone
		{27DCA19B-12F2-4CE6-B450-B958CD28E98A}.Debug|iPhoneSimulator.ActiveCfg = Debug|iPhoneSimulator
		{27DCA19B-12F2-4CE6-B450-B958CD28E98A}.Debug|iPhoneSimulator.Build.0 = Debug|iPhoneSimulator
		{27DCA19B-12F2-4CE6-B450-B958CD28E98A}.Debug|iPhoneSimulator.Deploy.0 = Debug|iPhoneSimulator
		{27DCA19B-12F2-4CE6-B450-B958CD28E98A}.Release|Any CPU.ActiveCfg = Release|iPhoneSimulator
		{27DCA19B-12F2-4CE6-B450-B958CD28E98A}.Release|Any CPU.Build.0 = Release|iPhoneSimulator
		{27DCA19B-12F2-4CE6-B450-B958CD28E98A}.Release|Any CPU.Deploy.0 = Release|iPhoneSimulator
		{27DCA19B-12F2-4CE6-B450-B958CD28E98A}.Release|iPhone.ActiveCfg = Release|iPhone
		{27DCA19B-12F2-4CE6-B450-B958CD28E98A}.Release|iPhone.Build.0 = Release|iPhone
		{27DCA19B-12F2-4CE6-B450-B958CD28E98A}.Release|iPhone.Deploy.0 = Release|iPhone
		{27DCA19B-12F2-4CE6-B450-B958CD28E98A}.Release|iPhoneSimulator.ActiveCfg = Release|iPhoneSimulator
		{27DCA19B-12F2-4CE6-B450-B958CD28E98A}.Release|iPhoneSimulator.Build.0 = Release|iPhoneSimulator
		{27DCA19B-12F2-4CE6-B450-B958CD28E98A}.Release|iPhoneSimulator.Deploy.0 = Release|iPhoneSimulator
		{9478F89A-3D72-4C51-8540-7052908E1739}.Debug|Any CPU.ActiveCfg = Debug|Any CPU
		{9478F89A-3D72-4C51-8540-7052908E1739}.Debug|Any CPU.Build.0 = Debug|Any CPU
		{9478F89A-3D72-4C51-8540-7052908E1739}.Debug|Any CPU.Deploy.0 = Debug|Any CPU
		{9478F89A-3D72-4C51-8540-7052908E1739}.Debug|iPhone.ActiveCfg = Debug|Any CPU
		{9478F89A-3D72-4C51-8540-7052908E1739}.Debug|iPhone.Build.0 = Debug|Any CPU
		{9478F89A-3D72-4C51-8540-7052908E1739}.Debug|iPhone.Deploy.0 = Debug|Any CPU
		{9478F89A-3D72-4C51-8540-7052908E1739}.Debug|iPhoneSimulator.ActiveCfg = Debug|Any CPU
		{9478F89A-3D72-4C51-8540-7052908E1739}.Debug|iPhoneSimulator.Build.0 = Debug|Any CPU
		{9478F89A-3D72-4C51-8540-7052908E1739}.Debug|iPhoneSimulator.Deploy.0 = Debug|Any CPU
		{9478F89A-3D72-4C51-8540-7052908E1739}.Release|Any CPU.ActiveCfg = Release|Any CPU
		{9478F89A-3D72-4C51-8540-7052908E1739}.Release|Any CPU.Build.0 = Release|Any CPU
		{9478F89A-3D72-4C51-8540-7052908E1739}.Release|Any CPU.Deploy.0 = Release|Any CPU
		{9478F89A-3D72-4C51-8540-7052908E1739}.Release|iPhone.ActiveCfg = Release|Any CPU
		{9478F89A-3D72-4C51-8540-7052908E1739}.Release|iPhone.Build.0 = Release|Any CPU
		{9478F89A-3D72-4C51-8540-7052908E1739}.Release|iPhone.Deploy.0 = Release|Any CPU
		{9478F89A-3D72-4C51-8540-7052908E1739}.Release|iPhoneSimulator.ActiveCfg = Release|Any CPU
		{9478F89A-3D72-4C51-8540-7052908E1739}.Release|iPhoneSimulator.Build.0 = Release|Any CPU
		{9478F89A-3D72-4C51-8540-7052908E1739}.Release|iPhoneSimulator.Deploy.0 = Release|Any CPU
	EndGlobalSection
	GlobalSection(SolutionProperties) = preSolution
		HideSolutionNode = FALSE
	EndGlobalSection
	GlobalSection(ExtensibilityGlobals) = postSolution
		SolutionGuid = {367F2F8B-9B96-4A2B-AA1A-3E1F43792633}
	EndGlobalSection
EndGlobal
